// !$*UTF8*$!
{
	archiveVersion = 1;
	classes = {
	};
	objectVersion = 50;
	objects = {

/* Begin PBXBuildFile section */
		1801F21A23D812C5006DF246 /* AppDelegate.swift in Sources */ = {isa = PBXBuildFile; fileRef = 1801F21923D812C5006DF246 /* AppDelegate.swift */; };
		1801F21C23D812C5006DF246 /* ViewController.swift in Sources */ = {isa = PBXBuildFile; fileRef = 1801F21B23D812C5006DF246 /* ViewController.swift */; };
		1801F21F23D812C5006DF246 /* Main.storyboard in Resources */ = {isa = PBXBuildFile; fileRef = 1801F21D23D812C5006DF246 /* Main.storyboard */; };
		1801F22123D812C8006DF246 /* Assets.xcassets in Resources */ = {isa = PBXBuildFile; fileRef = 1801F22023D812C8006DF246 /* Assets.xcassets */; };
		1801F22423D812C8006DF246 /* LaunchScreen.storyboard in Resources */ = {isa = PBXBuildFile; fileRef = 1801F22223D812C8006DF246 /* LaunchScreen.storyboard */; };
		18A6003523D966FB00EBBAC0 /* DonateViewController.swift in Sources */ = {isa = PBXBuildFile; fileRef = 18A6003423D966FB00EBBAC0 /* DonateViewController.swift */; };
		18A6003723D9679C00EBBAC0 /* VolunteerViewController.swift in Sources */ = {isa = PBXBuildFile; fileRef = 18A6003623D9679C00EBBAC0 /* VolunteerViewController.swift */; };
		18A6003923D967E400EBBAC0 /* AccountViewController.swift in Sources */ = {isa = PBXBuildFile; fileRef = 18A6003823D967E400EBBAC0 /* AccountViewController.swift */; };
		18A6003B23D96A8C00EBBAC0 /* MapViewController.swift in Sources */ = {isa = PBXBuildFile; fileRef = 18A6003A23D96A8C00EBBAC0 /* MapViewController.swift */; };
		18A6003E23D96D9300EBBAC0 /* MapKit.framework in Frameworks */ = {isa = PBXBuildFile; fileRef = 18A6003D23D96D9300EBBAC0 /* MapKit.framework */; };
		18B6078B23F17F1200130D37 /* User.swift in Sources */ = {isa = PBXBuildFile; fileRef = 18B6078A23F17F1200130D37 /* User.swift */; };
		18B6078D23F1815A00130D37 /* Location.swift in Sources */ = {isa = PBXBuildFile; fileRef = 18B6078C23F1815A00130D37 /* Location.swift */; };
		18B6079323F187B400130D37 /* CoreData.framework in Frameworks */ = {isa = PBXBuildFile; fileRef = 18B6078E23F1878600130D37 /* CoreData.framework */; };
		18B6079623F1880C00130D37 /* userSave.xcdatamodeld in Sources */ = {isa = PBXBuildFile; fileRef = 18B6079423F1880C00130D37 /* userSave.xcdatamodeld */; };
/* End PBXBuildFile section */

/* Begin PBXFileReference section */
		1801F21623D812C5006DF246 /* NGOapp.app */ = {isa = PBXFileReference; explicitFileType = wrapper.application; includeInIndex = 0; path = NGOapp.app; sourceTree = BUILT_PRODUCTS_DIR; };
		1801F21923D812C5006DF246 /* AppDelegate.swift */ = {isa = PBXFileReference; lastKnownFileType = sourcecode.swift; path = AppDelegate.swift; sourceTree = "<group>"; };
		1801F21B23D812C5006DF246 /* ViewController.swift */ = {isa = PBXFileReference; lastKnownFileType = sourcecode.swift; path = ViewController.swift; sourceTree = "<group>"; };
		1801F21E23D812C5006DF246 /* Base */ = {isa = PBXFileReference; lastKnownFileType = file.storyboard; name = Base; path = Base.lproj/Main.storyboard; sourceTree = "<group>"; };
		1801F22023D812C8006DF246 /* Assets.xcassets */ = {isa = PBXFileReference; lastKnownFileType = folder.assetcatalog; path = Assets.xcassets; sourceTree = "<group>"; };
		1801F22323D812C8006DF246 /* Base */ = {isa = PBXFileReference; lastKnownFileType = file.storyboard; name = Base; path = Base.lproj/LaunchScreen.storyboard; sourceTree = "<group>"; };
		1801F22523D812C8006DF246 /* Info.plist */ = {isa = PBXFileReference; lastKnownFileType = text.plist.xml; path = Info.plist; sourceTree = "<group>"; };
		18A6003423D966FB00EBBAC0 /* DonateViewController.swift */ = {isa = PBXFileReference; lastKnownFileType = sourcecode.swift; path = DonateViewController.swift; sourceTree = "<group>"; };
		18A6003623D9679C00EBBAC0 /* VolunteerViewController.swift */ = {isa = PBXFileReference; lastKnownFileType = sourcecode.swift; path = VolunteerViewController.swift; sourceTree = "<group>"; };
		18A6003823D967E400EBBAC0 /* AccountViewController.swift */ = {isa = PBXFileReference; lastKnownFileType = sourcecode.swift; path = AccountViewController.swift; sourceTree = "<group>"; };
		18A6003A23D96A8C00EBBAC0 /* MapViewController.swift */ = {isa = PBXFileReference; lastKnownFileType = sourcecode.swift; path = MapViewController.swift; sourceTree = "<group>"; };
		18A6003D23D96D9300EBBAC0 /* MapKit.framework */ = {isa = PBXFileReference; lastKnownFileType = wrapper.framework; name = MapKit.framework; path = System/Library/Frameworks/MapKit.framework; sourceTree = SDKROOT; };
		18B6078A23F17F1200130D37 /* User.swift */ = {isa = PBXFileReference; lastKnownFileType = sourcecode.swift; path = User.swift; sourceTree = "<group>"; };
		18B6078C23F1815A00130D37 /* Location.swift */ = {isa = PBXFileReference; lastKnownFileType = sourcecode.swift; path = Location.swift; sourceTree = "<group>"; };
		18B6078E23F1878600130D37 /* CoreData.framework */ = {isa = PBXFileReference; lastKnownFileType = wrapper.framework; name = CoreData.framework; path = System/Library/Frameworks/CoreData.framework; sourceTree = SDKROOT; };
		18B6079523F1880C00130D37 /* userSave.xcdatamodel */ = {isa = PBXFileReference; lastKnownFileType = wrapper.xcdatamodel; path = userSave.xcdatamodel; sourceTree = "<group>"; };
/* End PBXFileReference section */

/* Begin PBXFrameworksBuildPhase section */
		1801F21323D812C5006DF246 /* Frameworks */ = {
			isa = PBXFrameworksBuildPhase;
			buildActionMask = 2147483647;
			files = (
				18B6079323F187B400130D37 /* CoreData.framework in Frameworks */,
				18A6003E23D96D9300EBBAC0 /* MapKit.framework in Frameworks */,
			);
			runOnlyForDeploymentPostprocessing = 0;
		};
/* End PBXFrameworksBuildPhase section */

/* Begin PBXGroup section */
		1801F20D23D812C5006DF246 = {
			isa = PBXGroup;
			children = (
				18B6079423F1880C00130D37 /* userSave.xcdatamodeld */,
				1801F21823D812C5006DF246 /* NGOapp */,
				1801F21723D812C5006DF246 /* Products */,
				18A6003C23D96D9300EBBAC0 /* Frameworks */,
			);
			sourceTree = "<group>";
		};
		1801F21723D812C5006DF246 /* Products */ = {
			isa = PBXGroup;
			children = (
				1801F21623D812C5006DF246 /* NGOapp.app */,
			);
			name = Products;
			sourceTree = "<group>";
		};
		1801F21823D812C5006DF246 /* NGOapp */ = {
			isa = PBXGroup;
			children = (
				1801F21923D812C5006DF246 /* AppDelegate.swift */,
				1801F21B23D812C5006DF246 /* ViewController.swift */,
				1801F21D23D812C5006DF246 /* Main.storyboard */,
				1801F22023D812C8006DF246 /* Assets.xcassets */,
				1801F22223D812C8006DF246 /* LaunchScreen.storyboard */,
				1801F22523D812C8006DF246 /* Info.plist */,
				18A6003423D966FB00EBBAC0 /* DonateViewController.swift */,
				18A6003623D9679C00EBBAC0 /* VolunteerViewController.swift */,
				18A6003823D967E400EBBAC0 /* AccountViewController.swift */,
				18A6003A23D96A8C00EBBAC0 /* MapViewController.swift */,
				18B6078A23F17F1200130D37 /* User.swift */,
				18B6078C23F1815A00130D37 /* Location.swift */,
			);
			path = NGOapp;
			sourceTree = "<group>";
		};
		18A6003C23D96D9300EBBAC0 /* Frameworks */ = {
			isa = PBXGroup;
			children = (
				18B6078E23F1878600130D37 /* CoreData.framework */,
				18A6003D23D96D9300EBBAC0 /* MapKit.framework */,
			);
			name = Frameworks;
			sourceTree = "<group>";
		};
/* End PBXGroup section */

/* Begin PBXNativeTarget section */
		1801F21523D812C5006DF246 /* NGOapp */ = {
			isa = PBXNativeTarget;
			buildConfigurationList = 1801F22823D812C8006DF246 /* Build configuration list for PBXNativeTarget "NGOapp" */;
			buildPhases = (
				1801F21223D812C5006DF246 /* Sources */,
				1801F21323D812C5006DF246 /* Frameworks */,
				1801F21423D812C5006DF246 /* Resources */,
			);
			buildRules = (
			);
			dependencies = (
			);
			name = NGOapp;
			productName = NGOapp;
			productReference = 1801F21623D812C5006DF246 /* NGOapp.app */;
			productType = "com.apple.product-type.application";
		};
/* End PBXNativeTarget section */

/* Begin PBXProject section */
		1801F20E23D812C5006DF246 /* Project object */ = {
			isa = PBXProject;
			attributes = {
				LastSwiftUpdateCheck = 1010;
				LastUpgradeCheck = 1010;
				ORGANIZATIONNAME = Apple;
				TargetAttributes = {
					1801F21523D812C5006DF246 = {
						CreatedOnToolsVersion = 10.1;
						LastSwiftMigration = 1020;
					};
				};
			};
			buildConfigurationList = 1801F21123D812C5006DF246 /* Build configuration list for PBXProject "NGOapp" */;
			compatibilityVersion = "Xcode 9.3";
			developmentRegion = en;
			hasScannedForEncodings = 0;
			knownRegions = (
				en,
				Base,
			);
			mainGroup = 1801F20D23D812C5006DF246;
			productRefGroup = 1801F21723D812C5006DF246 /* Products */;
			projectDirPath = "";
			projectRoot = "";
			targets = (
				1801F21523D812C5006DF246 /* NGOapp */,
			);
		};
/* End PBXProject section */

/* Begin PBXResourcesBuildPhase section */
		1801F21423D812C5006DF246 /* Resources */ = {
			isa = PBXResourcesBuildPhase;
			buildActionMask = 2147483647;
			files = (
				1801F22423D812C8006DF246 /* LaunchScreen.storyboard in Resources */,
				1801F22123D812C8006DF246 /* Assets.xcassets in Resources */,
				1801F21F23D812C5006DF246 /* Main.storyboard in Resources */,
			);
			runOnlyForDeploymentPostprocessing = 0;
		};
/* End PBXResourcesBuildPhase section */

/* Begin PBXSourcesBuildPhase section */
		1801F21223D812C5006DF246 /* Sources */ = {
			isa = PBXSourcesBuildPhase;
			buildActionMask = 2147483647;
			files = (
				18B6079623F1880C00130D37 /* userSave.xcdatamodeld in Sources */,
				1801F21C23D812C5006DF246 /* ViewController.swift in Sources */,
				18A6003B23D96A8C00EBBAC0 /* MapViewController.swift in Sources */,
				18B6078D23F1815A00130D37 /* Location.swift in Sources */,
				18A6003923D967E400EBBAC0 /* AccountViewController.swift in Sources */,
				18A6003523D966FB00EBBAC0 /* DonateViewController.swift in Sources */,
				1801F21A23D812C5006DF246 /* AppDelegate.swift in Sources */,
				18A6003723D9679C00EBBAC0 /* VolunteerViewController.swift in Sources */,
				18B6078B23F17F1200130D37 /* User.swift in Sources */,
			);
			runOnlyForDeploymentPostprocessing = 0;
		};
/* End PBXSourcesBuildPhase section */

/* Begin PBXVariantGroup section */
		1801F21D23D812C5006DF246 /* Main.storyboard */ = {
			isa = PBXVariantGroup;
			children = (
				1801F21E23D812C5006DF246 /* Base */,
			);
			name = Main.storyboard;
			sourceTree = "<group>";
		};
		1801F22223D812C8006DF246 /* LaunchScreen.storyboard */ = {
			isa = PBXVariantGroup;
			children = (
				1801F22323D812C8006DF246 /* Base */,
			);
			name = LaunchScreen.storyboard;
			sourceTree = "<group>";
		};
/* End PBXVariantGroup section */

/* Begin XCBuildConfiguration section */
		1801F22623D812C8006DF246 /* Debug */ = {
			isa = XCBuildConfiguration;
			buildSettings = {
				ALWAYS_SEARCH_USER_PATHS = NO;
				CLANG_ANALYZER_NONNULL = YES;
				CLANG_ANALYZER_NUMBER_OBJECT_CONVERSION = YES_AGGRESSIVE;
				CLANG_CXX_LANGUAGE_STANDARD = "gnu++14";
				CLANG_CXX_LIBRARY = "libc++";
				CLANG_ENABLE_MODULES = YES;
				CLANG_ENABLE_OBJC_ARC = YES;
				CLANG_ENABLE_OBJC_WEAK = YES;
				CLANG_WARN_BLOCK_CAPTURE_AUTORELEASING = YES;
				CLANG_WARN_BOOL_CONVERSION = YES;
				CLANG_WARN_COMMA = YES;
				CLANG_WARN_CONSTANT_CONVERSION = YES;
				CLANG_WARN_DEPRECATED_OBJC_IMPLEMENTATIONS = YES;
				CLANG_WARN_DIRECT_OBJC_ISA_USAGE = YES_ERROR;
				CLANG_WARN_DOCUMENTATION_COMMENTS = YES;
				CLANG_WARN_EMPTY_BODY = YES;
				CLANG_WARN_ENUM_CONVERSION = YES;
				CLANG_WARN_INFINITE_RECURSION = YES;
				CLANG_WARN_INT_CONVERSION = YES;
				CLANG_WARN_NON_LITERAL_NULL_CONVERSION = YES;
				CLANG_WARN_OBJC_IMPLICIT_RETAIN_SELF = YES;
				CLANG_WARN_OBJC_LITERAL_CONVERSION = YES;
				CLANG_WARN_OBJC_ROOT_CLASS = YES_ERROR;
				CLANG_WARN_RANGE_LOOP_ANALYSIS = YES;
				CLANG_WARN_STRICT_PROTOTYPES = YES;
				CLANG_WARN_SUSPICIOUS_MOVE = YES;
				CLANG_WARN_UNGUARDED_AVAILABILITY = YES_AGGRESSIVE;
				CLANG_WARN_UNREACHABLE_CODE = YES;
				CLANG_WARN__DUPLICATE_METHOD_MATCH = YES;
				CODE_SIGN_IDENTITY = "iPhone Developer";
				COPY_PHASE_STRIP = NO;
				DEBUG_INFORMATION_FORMAT = dwarf;
				ENABLE_STRICT_OBJC_MSGSEND = YES;
				ENABLE_TESTABILITY = YES;
				GCC_C_LANGUAGE_STANDARD = gnu11;
				GCC_DYNAMIC_NO_PIC = NO;
				GCC_NO_COMMON_BLOCKS = YES;
				GCC_OPTIMIZATION_LEVEL = 0;
				GCC_PREPROCESSOR_DEFINITIONS = (
					"DEBUG=1",
					"$(inherited)",
				);
				GCC_WARN_64_TO_32_BIT_CONVERSION = YES;
				GCC_WARN_ABOUT_RETURN_TYPE = YES_ERROR;
				GCC_WARN_UNDECLARED_SELECTOR = YES;
				GCC_WARN_UNINITIALIZED_AUTOS = YES_AGGRESSIVE;
				GCC_WARN_UNUSED_FUNCTION = YES;
				GCC_WARN_UNUSED_VARIABLE = YES;
				IPHONEOS_DEPLOYMENT_TARGET = 12.1;
				MTL_ENABLE_DEBUG_INFO = INCLUDE_SOURCE;
				MTL_FAST_MATH = YES;
				ONLY_ACTIVE_ARCH = YES;
				SDKROOT = iphoneos;
				SWIFT_ACTIVE_COMPILATION_CONDITIONS = DEBUG;
				SWIFT_OPTIMIZATION_LEVEL = "-Onone";
			};
			name = Debug;
		};
		1801F22723D812C8006DF246 /* Release */ = {
			isa = XCBuildConfiguration;
			buildSettings = {
				ALWAYS_SEARCH_USER_PATHS = NO;
				CLANG_ANALYZER_NONNULL = YES;
				CLANG_ANALYZER_NUMBER_OBJECT_CONVERSION = YES_AGGRESSIVE;
				CLANG_CXX_LANGUAGE_STANDARD = "gnu++14";
				CLANG_CXX_LIBRARY = "libc++";
				CLANG_ENABLE_MODULES = YES;
				CLANG_ENABLE_OBJC_ARC = YES;
				CLANG_ENABLE_OBJC_WEAK = YES;
				CLANG_WARN_BLOCK_CAPTURE_AUTORELEASING = YES;
				CLANG_WARN_BOOL_CONVERSION = YES;
				CLANG_WARN_COMMA = YES;
				CLANG_WARN_CONSTANT_CONVERSION = YES;
				CLANG_WARN_DEPRECATED_OBJC_IMPLEMENTATIONS = YES;
				CLANG_WARN_DIRECT_OBJC_ISA_USAGE = YES_ERROR;
				CLANG_WARN_DOCUMENTATION_COMMENTS = YES;
				CLANG_WARN_EMPTY_BODY = YES;
				CLANG_WARN_ENUM_CONVERSION = YES;
				CLANG_WARN_INFINITE_RECURSION = YES;
				CLANG_WARN_INT_CONVERSION = YES;
				CLANG_WARN_NON_LITERAL_NULL_CONVERSION = YES;
				CLANG_WARN_OBJC_IMPLICIT_RETAIN_SELF = YES;
				CLANG_WARN_OBJC_LITERAL_CONVERSION = YES;
				CLANG_WARN_OBJC_ROOT_CLASS = YES_ERROR;
				CLANG_WARN_RANGE_LOOP_ANALYSIS = YES;
				CLANG_WARN_STRICT_PROTOTYPES = YES;
				CLANG_WARN_SUSPICIOUS_MOVE = YES;
				CLANG_WARN_UNGUARDED_AVAILABILITY = YES_AGGRESSIVE;
				CLANG_WARN_UNREACHABLE_CODE = YES;
				CLANG_WARN__DUPLICATE_METHOD_MATCH = YES;
				CODE_SIGN_IDENTITY = "iPhone Developer";
				COPY_PHASE_STRIP = NO;
				DEBUG_INFORMATION_FORMAT = "dwarf-with-dsym";
				ENABLE_NS_ASSERTIONS = NO;
				ENABLE_STRICT_OBJC_MSGSEND = YES;
				GCC_C_LANGUAGE_STANDARD = gnu11;
				GCC_NO_COMMON_BLOCKS = YES;
				GCC_WARN_64_TO_32_BIT_CONVERSION = YES;
				GCC_WARN_ABOUT_RETURN_TYPE = YES_ERROR;
				GCC_WARN_UNDECLARED_SELECTOR = YES;
				GCC_WARN_UNINITIALIZED_AUTOS = YES_AGGRESSIVE;
				GCC_WARN_UNUSED_FUNCTION = YES;
				GCC_WARN_UNUSED_VARIABLE = YES;
				IPHONEOS_DEPLOYMENT_TARGET = 12.1;
				MTL_ENABLE_DEBUG_INFO = NO;
				MTL_FAST_MATH = YES;
				SDKROOT = iphoneos;
				SWIFT_COMPILATION_MODE = wholemodule;
				SWIFT_OPTIMIZATION_LEVEL = "-O";
				VALIDATE_PRODUCT = YES;
			};
			name = Release;
		};
		1801F22923D812C8006DF246 /* Debug */ = {
			isa = XCBuildConfiguration;
			buildSettings = {
				ASSETCATALOG_COMPILER_APPICON_NAME = AppIcon;
				CODE_SIGN_STYLE = Automatic;
				INFOPLIST_FILE = NGOapp/Info.plist;
				LD_RUNPATH_SEARCH_PATHS = (
					"$(inherited)",
					"@executable_path/Frameworks",
				);
				PRODUCT_BUNDLE_IDENTIFIER = msrit.NGOapp;
				PRODUCT_NAME = "$(TARGET_NAME)";
				SWIFT_VERSION = 5.0;
				TARGETED_DEVICE_FAMILY = "1,2";
			};
			name = Debug;
		};
		1801F22A23D812C8006DF246 /* Release */ = {
			isa = XCBuildConfiguration;
			buildSettings = {
				ASSETCATALOG_COMPILER_APPICON_NAME = AppIcon;
				CODE_SIGN_STYLE = Automatic;
				INFOPLIST_FILE = NGOapp/Info.plist;
				LD_RUNPATH_SEARCH_PATHS = (
					"$(inherited)",
					"@executable_path/Frameworks",
				);
				PRODUCT_BUNDLE_IDENTIFIER = msrit.NGOapp;
				PRODUCT_NAME = "$(TARGET_NAME)";
				SWIFT_VERSION = 5.0;
				TARGETED_DEVICE_FAMILY = "1,2";
			};
			name = Release;
		};
/* End XCBuildConfiguration section */

/* Begin XCConfigurationList section */
		1801F21123D812C5006DF246 /* Build configuration list for PBXProject "NGOapp" */ = {
			isa = XCConfigurationList;
			buildConfigurations = (
				1801F22623D812C8006DF246 /* Debug */,
				1801F22723D812C8006DF246 /* Release */,
			);
			defaultConfigurationIsVisible = 0;
			defaultConfigurationName = Release;
		};
		1801F22823D812C8006DF246 /* Build configuration list for PBXNativeTarget "NGOapp" */ = {
			isa = XCConfigurationList;
			buildConfigurations = (
				1801F22923D812C8006DF246 /* Debug */,
				1801F22A23D812C8006DF246 /* Release */,
			);
			defaultConfigurationIsVisible = 0;
			defaultConfigurationName = Release;
		};
/* End XCConfigurationList section */

/* Begin XCVersionGroup section */
		18B6079423F1880C00130D37 /* userSave.xcdatamodeld */ = {
			isa = XCVersionGroup;
			children = (
				18B6079523F1880C00130D37 /* userSave.xcdatamodel */,
			);
			currentVersion = 18B6079523F1880C00130D37 /* userSave.xcdatamodel */;
			path = userSave.xcdatamodeld;
			sourceTree = "<group>";
			versionGroupType = wrapper.xcdatamodel;
		};
/* End XCVersionGroup section */
	};
	rootObject = 1801F20E23D812C5006DF246 /* Project object */;
}
